
Microsoft Visual Studio Solution File, Format Version 12.00
Project("{FAE04EC0-301F-11D3-BF4B-00C04F79EFBC}") = "Domain", "Domain\Domain.csproj", "{DA89C237-F1E3-4F26-80C7-29B663EAF2FB}"
EndProject
Project("{FAE04EC0-301F-11D3-BF4B-00C04F79EFBC}") = "Core", "Core\Core.csproj", "{8D867A4F-EE00-4FBD-BD88-4453A60D1C19}"
EndProject
Project("{FAE04EC0-301F-11D3-BF4B-00C04F79EFBC}") = "Infrastructure", "Infrastructure\Infrastructure.csproj", "{56B8AAA1-4EB1-4F62-9EE2-26576D71A38A}"
EndProject
Project("{FAE04EC0-301F-11D3-BF4B-00C04F79EFBC}") = "Tests", "Tests\Tests.csproj", "{6FE9F6B2-316A-4C56-B090-F0B41A4E40FA}"
EndProject
Project("{FAE04EC0-301F-11D3-BF4B-00C04F79EFBC}") = "Nexus", "Nexus\Nexus.csproj", "{943135B3-8AAB-4205-951A-F575F1E7A09A}"
EndProject
Global
	GlobalSection(SolutionConfigurationPlatforms) = preSolution
		Debug|Any CPU = Debug|Any CPU
		Release|Any CPU = Release|Any CPU
	EndGlobalSection
	GlobalSection(ProjectConfigurationPlatforms) = postSolution
		{DA89C237-F1E3-4F26-80C7-29B663EAF2FB}.Debug|Any CPU.ActiveCfg = Debug|Any CPU
		{DA89C237-F1E3-4F26-80C7-29B663EAF2FB}.Debug|Any CPU.Build.0 = Debug|Any CPU
		{DA89C237-F1E3-4F26-80C7-29B663EAF2FB}.Release|Any CPU.ActiveCfg = Release|Any CPU
		{DA89C237-F1E3-4F26-80C7-29B663EAF2FB}.Release|Any CPU.Build.0 = Release|Any CPU
		{8D867A4F-EE00-4FBD-BD88-4453A60D1C19}.Debug|Any CPU.ActiveCfg = Debug|Any CPU
		{8D867A4F-EE00-4FBD-BD88-4453A60D1C19}.Debug|Any CPU.Build.0 = Debug|Any CPU
		{8D867A4F-EE00-4FBD-BD88-4453A60D1C19}.Release|Any CPU.ActiveCfg = Release|Any CPU
		{8D867A4F-EE00-4FBD-BD88-4453A60D1C19}.Release|Any CPU.Build.0 = Release|Any CPU
		{56B8AAA1-4EB1-4F62-9EE2-26576D71A38A}.Debug|Any CPU.ActiveCfg = Debug|Any CPU
		{56B8AAA1-4EB1-4F62-9EE2-26576D71A38A}.Debug|Any CPU.Build.0 = Debug|Any CPU
		{56B8AAA1-4EB1-4F62-9EE2-26576D71A38A}.Release|Any CPU.ActiveCfg = Release|Any CPU
		{56B8AAA1-4EB1-4F62-9EE2-26576D71A38A}.Release|Any CPU.Build.0 = Release|Any CPU
		{6FE9F6B2-316A-4C56-B090-F0B41A4E40FA}.Debug|Any CPU.ActiveCfg = Debug|Any CPU
		{6FE9F6B2-316A-4C56-B090-F0B41A4E40FA}.Debug|Any CPU.Build.0 = Debug|Any CPU
		{6FE9F6B2-316A-4C56-B090-F0B41A4E40FA}.Release|Any CPU.ActiveCfg = Release|Any CPU
		{6FE9F6B2-316A-4C56-B090-F0B41A4E40FA}.Release|Any CPU.Build.0 = Release|Any CPU
		{943135B3-8AAB-4205-951A-F575F1E7A09A}.Debug|Any CPU.ActiveCfg = Debug|Any CPU
		{943135B3-8AAB-4205-951A-F575F1E7A09A}.Debug|Any CPU.Build.0 = Debug|Any CPU
		{943135B3-8AAB-4205-951A-F575F1E7A09A}.Release|Any CPU.ActiveCfg = Release|Any CPU
		{943135B3-8AAB-4205-951A-F575F1E7A09A}.Release|Any CPU.Build.0 = Release|Any CPU
	EndGlobalSection
EndGlobal
